{
    "version": 3,
    "terraform_version": "0.11.11",
    "serial": 5,
    "lineage": "a70e326b-16b8-4c4e-ad7a-96f4a007dced",
    "modules": [
        {
            "path": [
                "root"
            ],
            "outputs": {},
            "resources": {
                "data.google_container_engine_versions.gke_version": {
                    "type": "google_container_engine_versions",
                    "depends_on": [],
                    "primary": {
                        "id": "2019-02-07 10:49:19.427376326 +0000 UTC",
                        "attributes": {
                            "default_cluster_version": "1.11.6-gke.2",
                            "id": "2019-02-07 10:49:19.427376326 +0000 UTC",
                            "latest_master_version": "1.11.6-gke.6",
                            "latest_node_version": "1.11.6-gke.6",
                            "valid_master_versions.#": "8",
                            "valid_master_versions.0": "1.11.6-gke.6",
                            "valid_master_versions.1": "1.11.6-gke.3",
                            "valid_master_versions.2": "1.11.6-gke.2",
                            "valid_master_versions.3": "1.11.6-gke.0",
                            "valid_master_versions.4": "1.11.5-gke.5",
                            "valid_master_versions.5": "1.10.12-gke.1",
                            "valid_master_versions.6": "1.10.12-gke.0",
                            "valid_master_versions.7": "1.10.11-gke.1",
                            "valid_node_versions.#": "71",
                            "valid_node_versions.0": "1.11.6-gke.6",
                            "valid_node_versions.1": "1.11.6-gke.3",
                            "valid_node_versions.10": "1.11.3-gke.23",
                            "valid_node_versions.11": "1.11.3-gke.18",
                            "valid_node_versions.12": "1.11.2-gke.26",
                            "valid_node_versions.13": "1.11.2-gke.25",
                            "valid_node_versions.14": "1.11.2-gke.20",
                            "valid_node_versions.15": "1.11.2-gke.18",
                            "valid_node_versions.16": "1.11.2-gke.15",
                            "valid_node_versions.17": "1.11.2-gke.9",
                            "valid_node_versions.18": "1.10.12-gke.1",
                            "valid_node_versions.19": "1.10.12-gke.0",
                            "valid_node_versions.2": "1.11.6-gke.2",
                            "valid_node_versions.20": "1.10.11-gke.1",
                            "valid_node_versions.21": "1.10.9-gke.7",
                            "valid_node_versions.22": "1.10.9-gke.5",
                            "valid_node_versions.23": "1.10.9-gke.3",
                            "valid_node_versions.24": "1.10.9-gke.0",
                            "valid_node_versions.25": "1.10.7-gke.13",
                            "valid_node_versions.26": "1.10.7-gke.11",
                            "valid_node_versions.27": "1.10.7-gke.9",
                            "valid_node_versions.28": "1.10.7-gke.6",
                            "valid_node_versions.29": "1.10.7-gke.2",
                            "valid_node_versions.3": "1.11.6-gke.0",
                            "valid_node_versions.30": "1.10.7-gke.1",
                            "valid_node_versions.31": "1.10.6-gke.13",
                            "valid_node_versions.32": "1.10.6-gke.11",
                            "valid_node_versions.33": "1.10.6-gke.9",
                            "valid_node_versions.34": "1.10.6-gke.6",
                            "valid_node_versions.35": "1.10.6-gke.4",
                            "valid_node_versions.36": "1.10.6-gke.3",
                            "valid_node_versions.37": "1.10.6-gke.2",
                            "valid_node_versions.38": "1.10.6-gke.1",
                            "valid_node_versions.39": "1.10.5-gke.4",
                            "valid_node_versions.4": "1.11.5-gke.5",
                            "valid_node_versions.40": "1.10.5-gke.3",
                            "valid_node_versions.41": "1.10.5-gke.2",
                            "valid_node_versions.42": "1.10.5-gke.0",
                            "valid_node_versions.43": "1.10.4-gke.3",
                            "valid_node_versions.44": "1.10.4-gke.2",
                            "valid_node_versions.45": "1.10.4-gke.0",
                            "valid_node_versions.46": "1.10.2-gke.4",
                            "valid_node_versions.47": "1.10.2-gke.3",
                            "valid_node_versions.48": "1.10.2-gke.1",
                            "valid_node_versions.49": "1.9.7-gke.11",
                            "valid_node_versions.5": "1.11.5-gke.4",
                            "valid_node_versions.50": "1.9.7-gke.7",
                            "valid_node_versions.51": "1.9.7-gke.6",
                            "valid_node_versions.52": "1.9.7-gke.5",
                            "valid_node_versions.53": "1.9.7-gke.4",
                            "valid_node_versions.54": "1.9.7-gke.3",
                            "valid_node_versions.55": "1.9.7-gke.1",
                            "valid_node_versions.56": "1.9.7-gke.0",
                            "valid_node_versions.57": "1.9.6-gke.2",
                            "valid_node_versions.58": "1.9.6-gke.1",
                            "valid_node_versions.59": "1.9.3-gke.0",
                            "valid_node_versions.6": "1.11.4-gke.13",
                            "valid_node_versions.60": "1.8.12-gke.3",
                            "valid_node_versions.61": "1.8.12-gke.2",
                            "valid_node_versions.62": "1.8.12-gke.1",
                            "valid_node_versions.63": "1.8.12-gke.0",
                            "valid_node_versions.64": "1.8.10-gke.2",
                            "valid_node_versions.65": "1.8.10-gke.0",
                            "valid_node_versions.66": "1.8.9-gke.1",
                            "valid_node_versions.67": "1.8.8-gke.0",
                            "valid_node_versions.68": "1.7.15-gke.0",
                            "valid_node_versions.69": "1.7.12-gke.2",
                            "valid_node_versions.7": "1.11.4-gke.12",
                            "valid_node_versions.70": "1.6.13-gke.1",
                            "valid_node_versions.8": "1.11.4-gke.8",
                            "valid_node_versions.9": "1.11.3-gke.24",
                            "zone": "us-west1-b"
                        },
                        "meta": {},
                        "tainted": false
                    },
                    "deposed": [],
                    "provider": "provider.google"
                },
                "data.template_file.startup_script": {
                    "type": "template_file",
                    "depends_on": [],
                    "primary": {
                        "id": "4a64ce20fedae8dd6ef97cf851a2aa377bcb188a00c21dc87ff9869a3ba040d6",
                        "attributes": {
                            "id": "4a64ce20fedae8dd6ef97cf851a2aa377bcb188a00c21dc87ff9869a3ba040d6",
                            "rendered": "sudo apt-get update -y\nsudo apt-get install -y kubectl\necho \"gcloud container clusters get-credentials gke-demo-cluster --zone us-west1-b --project terraform-gke-flugel\" \u003e\u003e /etc/profile\n",
                            "template": "sudo apt-get update -y\nsudo apt-get install -y kubectl\necho \"gcloud container clusters get-credentials ${cluster_name} --zone ${cluster_zone} --project ${project}\" \u003e\u003e /etc/profile\n",
                            "vars.%": "3",
                            "vars.cluster_name": "gke-demo-cluster",
                            "vars.cluster_zone": "us-west1-b",
                            "vars.project": "terraform-gke-flugel"
                        },
                        "meta": {},
                        "tainted": false
                    },
                    "deposed": [],
                    "provider": "provider.template"
                },
                "google_compute_firewall.bastion-ssh": {
                    "type": "google_compute_firewall",
                    "depends_on": [
                        "google_compute_network.gke-network"
                    ],
                    "primary": {
                        "id": "bastion-ssh",
                        "attributes": {
                            "allow.#": "1",
                            "allow.803338340.ports.#": "1",
                            "allow.803338340.ports.0": "22",
                            "allow.803338340.protocol": "tcp",
                            "creation_timestamp": "2019-02-07T02:50:10.192-08:00",
                            "deny.#": "0",
                            "description": "",
                            "destination_ranges.#": "0",
                            "direction": "INGRESS",
                            "disabled": "false",
                            "enable_logging": "false",
                            "id": "bastion-ssh",
                            "name": "bastion-ssh",
                            "network": "https://www.googleapis.com/compute/v1/projects/terraform-gke-flugel/global/networks/kube-net",
                            "priority": "1000",
                            "project": "terraform-gke-flugel",
                            "self_link": "https://www.googleapis.com/compute/v1/projects/terraform-gke-flugel/global/firewalls/bastion-ssh",
                            "source_ranges.#": "1",
                            "source_ranges.1080289494": "0.0.0.0/0",
                            "source_service_accounts.#": "0",
                            "source_tags.#": "0",
                            "target_service_accounts.#": "0",
                            "target_tags.#": "1",
                            "target_tags.397096961": "bastion"
                        },
                        "meta": {
                            "e2bfb730-ecaa-11e6-8f88-34363bc7c4c0": {
                                "create": 240000000000,
                                "delete": 240000000000,
                                "update": 240000000000
                            },
                            "schema_version": "1"
                        },
                        "tainted": false
                    },
                    "deposed": [],
                    "provider": "provider.google"
                },
                "google_compute_instance.gke-bastion": {
                    "type": "google_compute_instance",
                    "depends_on": [
                        "data.template_file.startup_script",
                        "google_compute_subnetwork.cluster-subnet"
                    ],
                    "primary": {
                        "id": "gke-demo-bastion",
                        "attributes": {
                            "allow_stopping_for_update": "true",
                            "attached_disk.#": "0",
                            "boot_disk.#": "1",
                            "boot_disk.0.auto_delete": "true",
                            "boot_disk.0.device_name": "persistent-disk-0",
                            "boot_disk.0.disk_encryption_key_raw": "",
                            "boot_disk.0.disk_encryption_key_sha256": "",
                            "boot_disk.0.initialize_params.#": "1",
                            "boot_disk.0.initialize_params.0.image": "https://www.googleapis.com/compute/v1/projects/debian-cloud/global/images/debian-9-stretch-v20190124",
                            "boot_disk.0.initialize_params.0.size": "10",
                            "boot_disk.0.initialize_params.0.type": "pd-standard",
                            "boot_disk.0.source": "https://www.googleapis.com/compute/v1/projects/terraform-gke-flugel/zones/us-west1-b/disks/gke-demo-bastion",
                            "can_ip_forward": "false",
                            "cpu_platform": "Intel Broadwell",
                            "create_timeout": "4",
                            "deletion_protection": "false",
                            "guest_accelerator.#": "0",
                            "id": "gke-demo-bastion",
                            "instance_id": "6284111058364904294",
                            "label_fingerprint": "42WmSpB8rSM=",
                            "labels.%": "0",
                            "machine_type": "f1-micro",
                            "metadata.%": "0",
                            "metadata_fingerprint": "ZYbIHDsqcjw=",
                            "metadata_startup_script": "sudo apt-get update -y\nsudo apt-get install -y kubectl\necho \"gcloud container clusters get-credentials gke-demo-cluster --zone us-west1-b --project terraform-gke-flugel\" \u003e\u003e /etc/profile\n",
                            "min_cpu_platform": "",
                            "name": "gke-demo-bastion",
                            "network_interface.#": "1",
                            "network_interface.0.access_config.#": "1",
                            "network_interface.0.access_config.0.assigned_nat_ip": "35.227.186.33",
                            "network_interface.0.access_config.0.nat_ip": "35.227.186.33",
                            "network_interface.0.access_config.0.network_tier": "PREMIUM",
                            "network_interface.0.access_config.0.public_ptr_domain_name": "",
                            "network_interface.0.address": "10.0.96.2",
                            "network_interface.0.alias_ip_range.#": "0",
                            "network_interface.0.name": "nic0",
                            "network_interface.0.network": "https://www.googleapis.com/compute/v1/projects/terraform-gke-flugel/global/networks/kube-net",
                            "network_interface.0.network_ip": "10.0.96.2",
                            "network_interface.0.subnetwork": "https://www.googleapis.com/compute/v1/projects/terraform-gke-flugel/regions/us-west1/subnetworks/kube-net-subnet",
                            "network_interface.0.subnetwork_project": "terraform-gke-flugel",
                            "project": "terraform-gke-flugel",
                            "scheduling.#": "1",
                            "scheduling.0.automatic_restart": "false",
                            "scheduling.0.on_host_maintenance": "MIGRATE",
                            "scheduling.0.preemptible": "false",
                            "scratch_disk.#": "0",
                            "self_link": "https://www.googleapis.com/compute/v1/projects/terraform-gke-flugel/zones/us-west1-b/instances/gke-demo-bastion",
                            "service_account.#": "1",
                            "service_account.0.email": "893635522087-compute@developer.gserviceaccount.com",
                            "service_account.0.scopes.#": "4",
                            "service_account.0.scopes.1632638332": "https://www.googleapis.com/auth/devstorage.read_only",
                            "service_account.0.scopes.1733087937": "https://www.googleapis.com/auth/cloud-platform",
                            "service_account.0.scopes.2428168921": "https://www.googleapis.com/auth/userinfo.email",
                            "service_account.0.scopes.2862113455": "https://www.googleapis.com/auth/compute.readonly",
                            "tags.#": "1",
                            "tags.397096961": "bastion",
                            "tags_fingerprint": "NfTTNVh6sLU=",
                            "zone": "us-west1-b"
                        },
                        "meta": {
                            "e2bfb730-ecaa-11e6-8f88-34363bc7c4c0": {
                                "create": 360000000000,
                                "delete": 360000000000,
                                "update": 360000000000
                            },
                            "schema_version": "6"
                        },
                        "tainted": false
                    },
                    "deposed": [],
                    "provider": "provider.google"
                },
                "google_compute_network.gke-network": {
                    "type": "google_compute_network",
                    "depends_on": [],
                    "primary": {
                        "id": "kube-net",
                        "attributes": {
                            "auto_create_subnetworks": "false",
                            "description": "",
                            "gateway_ipv4": "",
                            "id": "kube-net",
                            "ipv4_range": "",
                            "name": "kube-net",
                            "project": "terraform-gke-flugel",
                            "routing_mode": "REGIONAL",
                            "self_link": "https://www.googleapis.com/compute/v1/projects/terraform-gke-flugel/global/networks/kube-net"
                        },
                        "meta": {},
                        "tainted": false
                    },
                    "deposed": [],
                    "provider": "provider.google"
                },
                "google_compute_subnetwork.cluster-subnet": {
                    "type": "google_compute_subnetwork",
                    "depends_on": [
                        "google_compute_network.gke-network"
                    ],
                    "primary": {
                        "id": "us-west1/kube-net-subnet",
                        "attributes": {
                            "creation_timestamp": "2019-02-07T02:50:10.020-08:00",
                            "description": "",
                            "enable_flow_logs": "false",
                            "fingerprint": "hke0MaDfv00=",
                            "gateway_address": "10.0.96.1",
                            "id": "us-west1/kube-net-subnet",
                            "ip_cidr_range": "10.0.96.0/22",
                            "name": "kube-net-subnet",
                            "network": "https://www.googleapis.com/compute/v1/projects/terraform-gke-flugel/global/networks/kube-net",
                            "private_ip_google_access": "false",
                            "project": "terraform-gke-flugel",
                            "region": "us-west1",
                            "secondary_ip_range.#": "1",
                            "secondary_ip_range.0.ip_cidr_range": "10.0.92.0/22",
                            "secondary_ip_range.0.range_name": "secondary-range",
                            "self_link": "https://www.googleapis.com/compute/v1/projects/terraform-gke-flugel/regions/us-west1/subnetworks/kube-net-subnet"
                        },
                        "meta": {
                            "e2bfb730-ecaa-11e6-8f88-34363bc7c4c0": {
                                "create": 360000000000,
                                "delete": 360000000000,
                                "update": 360000000000
                            }
                        },
                        "tainted": false
                    },
                    "deposed": [],
                    "provider": "provider.google"
                },
                "google_container_cluster.primary": {
                    "type": "google_container_cluster",
                    "depends_on": [
                        "data.google_container_engine_versions.gke_version",
                        "google_compute_instance.gke-bastion",
                        "google_compute_network.gke-network",
                        "google_compute_subnetwork.cluster-subnet"
                    ],
                    "primary": {
                        "id": "gke-demo-cluster",
                        "attributes": {
                            "additional_zones.#": "0",
                            "addons_config.#": "1",
                            "addons_config.0.horizontal_pod_autoscaling.#": "0",
                            "addons_config.0.http_load_balancing.#": "0",
                            "addons_config.0.kubernetes_dashboard.#": "1",
                            "addons_config.0.kubernetes_dashboard.0.disabled": "true",
                            "addons_config.0.network_policy_config.#": "1",
                            "addons_config.0.network_policy_config.0.disabled": "false",
                            "cluster_autoscaling.#": "0",
                            "cluster_ipv4_cidr": "10.0.92.0/22",
                            "description": "",
                            "enable_binary_authorization": "false",
                            "enable_kubernetes_alpha": "false",
                            "enable_legacy_abac": "false",
                            "enable_tpu": "false",
                            "endpoint": "35.197.56.130",
                            "id": "gke-demo-cluster",
                            "initial_node_count": "1",
                            "instance_group_urls.#": "1",
                            "instance_group_urls.0": "https://www.googleapis.com/compute/v1/projects/terraform-gke-flugel/zones/us-west1-b/instanceGroups/gke-gke-demo-cluster-default-pool-1b725d9f-grp",
                            "ip_allocation_policy.#": "1",
                            "ip_allocation_policy.0.cluster_ipv4_cidr_block": "10.0.92.0/22",
                            "ip_allocation_policy.0.cluster_secondary_range_name": "secondary-range",
                            "ip_allocation_policy.0.create_subnetwork": "false",
                            "ip_allocation_policy.0.services_ipv4_cidr_block": "10.90.0.0/20",
                            "ip_allocation_policy.0.services_secondary_range_name": "gke-gke-demo-cluster-services-7be16741",
                            "ip_allocation_policy.0.subnetwork_name": "",
                            "logging_service": "logging.googleapis.com",
                            "maintenance_policy.#": "0",
                            "master_auth.#": "1",
                            "master_auth.0.client_certificate": "LS0tLS1CRUdJTiBDRVJUSUZJQ0FURS0tLS0tCk1JSUMyakNDQWNLZ0F3SUJBZ0lRVDRrR1I3S09JeTV5akNBRDFpeFRoekFOQmdrcWhraUc5dzBCQVFzRkFEQXYKTVMwd0t3WURWUVFERXlSbE1qVXlOMlkyTWkwNFpEUXhMVFE0WWpjdE9XVmlNQzFoWVdNNVlXTTVZV1E0TW1RdwpIaGNOTVRrd01qQTNNVEExTVRFMldoY05NalF3TWpBMk1UQTFNVEUyV2pBUk1ROHdEUVlEVlFRREV3WmpiR2xsCmJuUXdnZ0VpTUEwR0NTcUdTSWIzRFFFQkFRVUFBNElCRHdBd2dnRUtBb0lCQVFEa2pzZnNMY3hISnpvbmxYNVUKV0ltaWxqSUVhQm1HNWZiU2JWV2V4K0dpN2EzTW92OHd3U3NVNWp4aXlXMmJsaENvak5HdnJ2N0VNNUhNZExGeAo1M1h3NlR5TjFkVncralFGVVdUL09yUFMrZWZteFU3Rkx5Q1MrUnZrM2tCSnFsbVo4cXdyeXUxTGswR3M0cHRKClF2SG15TEttVmh4ZjFwc0pqMWN5MXQyR2ZZZWs5Uk83QXhLYWJWQnBFSUNzcXFQMEZDR1hVKzlnVlRnWmlMZXgKWWpUUVcxei9BMHpycjFIYS9BWEZoMlJJOVV6NWxXdWgzV0YvWmFOSE5uNDRUcjYxK1d1Ym4wTWV6OVcwUVl5NQovak84dnN1V3dWQ1hqR24rT0ZWUHRIcGhldlBJUFkrQTZHQlZ1RE0rU1FFV2taWWhIKzNFc1c5Q2xaZlFiT3hWClR3OWpBZ01CQUFHakVEQU9NQXdHQTFVZEV3RUIvd1FDTUFBd0RRWUpLb1pJaHZjTkFRRUxCUUFEZ2dFQkFKYUcKMTNIOTF3Nk1WU3paWGV3eU8yNFV3VnNPS0JFM0NKTDJSRVVpdjlSR0hlWis4dThvT1NFK1FHYXhDRExTUUdYYwpsUnNubGUvaFhxOUVIWUduUEpxYjdiYy84QzduQlNGV1g2VEFaVU4vZXpSRkZ3TnN0REFpOWg3VmppVjNQWUMvCkkxSUlkMkJUaWowNFg3Nys3MmE1NDlid0ZNMzk0S2tRWGt1MllRRXQvRnQ3bG5nWmlrc1BDUG1LU1NYN1JMSEYKWXpaNUszdmVoZjIvRnhjd2pMODljS3lLVWtzYzBSZjE4N0M2Z1F4Y3pMdDFxL3hxTERmVXVrWGwzNDR2ZTBQSwpUb000ckl4Y25WekFUMnZCZ1VKT0RaVDNPNUFXeEk2dXdkK3RPeWp4amJSOUZ4anppMEVDL0RKTEc2ZGpLOGVRCjU0OE9obkNPMWdhM0t6OXUzZnM9Ci0tLS0tRU5EIENFUlRJRklDQVRFLS0tLS0K",
                            "master_auth.0.client_certificate_config.#": "0",
                            "master_auth.0.client_key": "LS0tLS1CRUdJTiBSU0EgUFJJVkFURSBLRVktLS0tLQpNSUlFb3dJQkFBS0NBUUVBNUk3SDdDM01SeWM2SjVWK1ZGaUpvcFl5QkdnWmh1WDIwbTFWbnNmaG91MnR6S0wvCk1NRXJGT1k4WXNsdG01WVFxSXpScjY3K3hET1J6SFN4Y2VkMThPazhqZFhWY1BvMEJWRmsvenF6MHZubjVzVk8KeFM4Z2t2a2I1TjVBU2FwWm1mS3NLOHJ0UzVOQnJPS2JTVUx4NXNpeXBsWWNYOWFiQ1k5WE10YmRobjJIcFBVVAp1d01TbW0xUWFSQ0FyS3FqOUJRaGwxUHZZRlU0R1lpM3NXSTAwRnRjL3dOTTY2OVIydndGeFlka1NQVk0rWlZyCm9kMWhmMldqUnpaK09FNit0ZmxybTU5REhzL1Z0RUdNdWY0enZMN0xsc0ZRbDR4cC9qaFZUN1I2WVhyenlEMlAKZ09oZ1ZiZ3pQa2tCRnBHV0lSL3R4TEZ2UXBXWDBHenNWVThQWXdJREFRQUJBb0gvTElwUlR5Y3I0T3JFRlN1YgpIWDk0NFRaajNqOFYxdDdBNVpaby9LVGF4YXlvVG5HdUxRc0dJV0haUmtxbFp1V0NXWTlRb3doM1NEYkVpRXh1ClNCbWFWQitSa1BYK2hlbFk1SlA0R3FpTzFISVgrQm5Rc2JrTG9BcDU4MWpxdkl6TFd4aDl5a1BkK29jTlJXcmoKdTdpSStlSmJtUEpMZU5PU2Y0TlRKWlVybG50bFZvVUtrbS9hYkxOWGV0YWNFTW93QWFxL0JwTmM3SFAydTFLNwpPVXNxZE5iZUR2aW8xYThObzZvcGpDSlN5MjVhSGpyYkxYb0I1a2d6VGlQL0ZnYzJJQkdNNkI0OXRJWmV4RjdOCnZtdFA5TC9HVytGdTZja3dvRk8xcWJKWnlERjBrbWQrMEg0dFBkRnczUFRtNm9sdm9LQnpiL3RGM0lZbnhkaVAKQ2lxWkFvR0JBUE9ydVlIYTZyUTlEREhBVWp0OS9MelBaTXJuNXpaTHZGcVpoeGVYRzFMRGp2UjRmTlV2Qzl3QwpxMytoK0I3MUo1bkxnOVlBQnE2VnFOOFdUSGFVNzhlMlR6MlZBK2p5YmFwUXlFcW9IMDRmNlEwSXcrVXA3MmJMCk5qZTg2N2hqQ1hac1VteW96cHdBb3lFVjZpUGZCcWRKUkd1K1g3bGl6NlhPVVlSTUpSbG5Bb0dCQVBBZlM5NWcKTlBtV1ozTkJ3dkZLMlJPRk43d0tJM1dGU3NMbEtYRFM0UnMxUU1UWVVKd1U5aU01akVTZmVTQ2lDTkJLY083RQpEUTNyR2xSSEhGMjFmVjM2enArZEhrelRnQUJFNEdEWHRpQ3huWW9kdWhGQzNnME90Mmwwd3Z5TFZPZDVKWVJiCjNmSXE2c3lHSGU1bmR1RjA1ZkJPT0daSnVWRFhWcllwN3RDbEFvR0JBT0UzMGNoaUxSaldiQlQzNjRtdFV4SzQKcGpLYzBhbnZxbkliQVRBZXJGUjlCLzZSOXQrY0Vsd1I0NjJlYVJWRUJvd3gvUEtwSjRQcU5DR3VISkpsNnBJdQp3V0xyL3FjcW00NFdDR3BvcGpheGE5aHVSNUhpaHJIK0ZXakRKeVJQOVlrTmFjbWc1UVp2MkZkV1NBbEx0SHllClRhMUFVbjJwQkwvOXlINTlXclQxQW9HQkFJeHk4ZEIvVzEwRmNUc0VJdjg1dFdEcWtlQUYyaG02UGpGakV1c3cKSFlUcGtCblRJTXM2bzRHVS9vdUE3N3Q3cTBZUjFKNkR3OUw1U2V3enI4N01BaWsvTXk0L0cyTDZicXM1bmpobQowOXVwcUNrS0hEUk9kVTBUNTRuaVJzNnF2SjJyeVpyeWxRNDV0aDZzNzhMcmQ2aUYxSnpMVThmWXBYRTRrenAzCnFuMFZBb0dCQUkxWmJ0Y01mYVlzQkhvazZlZVgwUkZFWit0NEZzRVJUTzBqVUNJa3dlNXhiU1plYlBuWTgrTU4KMzB6YTUvWGdEbFBod3FFSEZGeHJKVFRzSWJnTkdWNk84YU9kckpLc1prektaMjY3SnRaWXU4TXR1TkhJeVRTTgpXVkFlK2ZQdm8rR0IzbWlVNTJjZDFjakk0RXFGckRGaVJJZHdSa0VUcnVnY0hYazdBUlBZCi0tLS0tRU5EIFJTQSBQUklWQVRFIEtFWS0tLS0tCg==",
                            "master_auth.0.cluster_ca_certificate": "LS0tLS1CRUdJTiBDRVJUSUZJQ0FURS0tLS0tCk1JSURERENDQWZTZ0F3SUJBZ0lSQU5XQWhkT0xMalBlQmRwS1V6LytsV013RFFZSktvWklodmNOQVFFTEJRQXcKTHpFdE1Dc0dBMVVFQXhNa1pUSTFNamRtTmpJdE9HUTBNUzAwT0dJM0xUbGxZakF0WVdGak9XRmpPV0ZrT0RKawpNQjRYRFRFNU1ESXdOekE1TlRFeE5Wb1hEVEkwTURJd05qRXdOVEV4TlZvd0x6RXRNQ3NHQTFVRUF4TWtaVEkxCk1qZG1Oakl0T0dRME1TMDBPR0kzTFRsbFlqQXRZV0ZqT1dGak9XRmtPREprTUlJQklqQU5CZ2txaGtpRzl3MEIKQVFFRkFBT0NBUThBTUlJQkNnS0NBUUVBclRleThVSGpwUFVnTDFWWVJXOU5uMHBCS1pRVFpzL1hobWtnWUFKZworalVUTTNNZGVxejZzblo5L1ZETWlkckdnNSszWEZyTmk1Um1JbXRNV1c1OVh5RUh5dzBPQXdVUGpKellIT2FqClRuWWo0b1FsT0ZVaFpSUUR1YWZUY0tSUkFzK3RhWDN1MjVGc2cwdlIxcnp2RGFERGRNK0ltNGdmQ2FlNDZZcUsKZElyUDBiMVBCdUM3aldBOXBCWXBGTUVwaVZ5L2dXK3ZqR0RHY0Rsc3NvdkpSektxZFBHeWJsVTlRQWZNZ25nYgpvbVRJQWtJcnN0WUZuNTNZRTNKSlZzeUxTUHNHUjVkM045UFU5NFl0RUc3Ly9QTDl4SUJ5SHJOanQyckhMSFNuCnJ3Zng1SFNpT1RmZnppTitMYUlzSVFJVUV3YmVNbmZWT0VIaGxQMG9yUW1jYVFJREFRQUJveU13SVRBT0JnTlYKSFE4QkFmOEVCQU1DQWdRd0R3WURWUjBUQVFIL0JBVXdBd0VCL3pBTkJna3Foa2lHOXcwQkFRc0ZBQU9DQVFFQQpvaDc4Z3lrdW5hQ2oyOUtJdHJ5VlFPMlRPaUhaazBhVXhVdmdtdEMvek9NWEU2KzcvK2FUc2RtaVYvU3BERll5CjZUYytYVzNXWWVXVnNGRTQzeVRqUnZMYjYySGxmKytKa3J0SldCdlJMQjhBZVc2ci9aZEFjV2lWRXRZeld3bTMKL2MyRzRKTGk0MC95MURBWEoyWW9JTVJFSytRQ3FLNjNFYk9ZV1g0dXVvNDRmWEQ3ZmlIbGJVT1lMV2NQZ1ZTYgoxOTNsUC96cHA5N29SSkpMTlZINWxCOVhBTG1mNWs4TktiTzNtMzN4d1Rsb3d3M21JKzN6ZnRTOGZoWGFMbzhyCmJNaHZNU3JHN0NyOFJ6VDJwT1R2NkRXaGhmNUVpcUo0UHBJUXBWdXU1dnZsTEl2dU1QZnJ3NUMyUDVLZ1ZEcXEKR3ZJOVBYMTVoVVcyMjgxWjNmV1JZZz09Ci0tLS0tRU5EIENFUlRJRklDQVRFLS0tLS0K",
                            "master_auth.0.password": "PBcoD2NfEWF3yYXU",
                            "master_auth.0.username": "admin",
                            "master_authorized_networks_config.#": "1",
                            "master_authorized_networks_config.0.cidr_blocks.#": "1",
                            "master_authorized_networks_config.0.cidr_blocks.1011603989.cidr_block": "35.227.186.33/32",
                            "master_authorized_networks_config.0.cidr_blocks.1011603989.display_name": "bastion",
                            "master_ipv4_cidr_block": "10.0.90.0/28",
                            "master_version": "1.11.6-gke.6",
                            "min_master_version": "1.11.6-gke.6",
                            "monitoring_service": "monitoring.googleapis.com",
                            "name": "gke-demo-cluster",
                            "network": "projects/terraform-gke-flugel/global/networks/kube-net",
                            "network_policy.#": "1",
                            "network_policy.0.enabled": "true",
                            "network_policy.0.provider": "CALICO",
                            "node_config.#": "1",
                            "node_config.0.disk_size_gb": "100",
                            "node_config.0.disk_type": "pd-standard",
                            "node_config.0.guest_accelerator.#": "0",
                            "node_config.0.image_type": "COS",
                            "node_config.0.labels.%": "1",
                            "node_config.0.labels.status": "poc",
                            "node_config.0.local_ssd_count": "0",
                            "node_config.0.machine_type": "n1-standard-1",
                            "node_config.0.metadata.%": "0",
                            "node_config.0.min_cpu_platform": "",
                            "node_config.0.oauth_scopes.#": "4",
                            "node_config.0.oauth_scopes.1277378754": "https://www.googleapis.com/auth/monitoring",
                            "node_config.0.oauth_scopes.1632638332": "https://www.googleapis.com/auth/devstorage.read_only",
                            "node_config.0.oauth_scopes.172152165": "https://www.googleapis.com/auth/logging.write",
                            "node_config.0.oauth_scopes.299962681": "https://www.googleapis.com/auth/compute",
                            "node_config.0.preemptible": "false",
                            "node_config.0.service_account": "default",
                            "node_config.0.tags.#": "1",
                            "node_config.0.tags.0": "poc",
                            "node_config.0.taint.#": "0",
                            "node_config.0.workload_metadata_config.#": "0",
                            "node_pool.#": "1",
                            "node_pool.0.autoscaling.#": "0",
                            "node_pool.0.initial_node_count": "1",
                            "node_pool.0.instance_group_urls.#": "1",
                            "node_pool.0.instance_group_urls.0": "https://www.googleapis.com/compute/v1/projects/terraform-gke-flugel/zones/us-west1-b/instanceGroupManagers/gke-gke-demo-cluster-default-pool-1b725d9f-grp",
                            "node_pool.0.management.#": "1",
                            "node_pool.0.management.0.auto_repair": "false",
                            "node_pool.0.management.0.auto_upgrade": "false",
                            "node_pool.0.max_pods_per_node": "110",
                            "node_pool.0.name": "default-pool",
                            "node_pool.0.name_prefix": "",
                            "node_pool.0.node_config.#": "1",
                            "node_pool.0.node_config.0.disk_size_gb": "100",
                            "node_pool.0.node_config.0.disk_type": "pd-standard",
                            "node_pool.0.node_config.0.guest_accelerator.#": "0",
                            "node_pool.0.node_config.0.image_type": "COS",
                            "node_pool.0.node_config.0.labels.%": "1",
                            "node_pool.0.node_config.0.labels.status": "poc",
                            "node_pool.0.node_config.0.local_ssd_count": "0",
                            "node_pool.0.node_config.0.machine_type": "n1-standard-1",
                            "node_pool.0.node_config.0.metadata.%": "0",
                            "node_pool.0.node_config.0.min_cpu_platform": "",
                            "node_pool.0.node_config.0.oauth_scopes.#": "4",
                            "node_pool.0.node_config.0.oauth_scopes.1277378754": "https://www.googleapis.com/auth/monitoring",
                            "node_pool.0.node_config.0.oauth_scopes.1632638332": "https://www.googleapis.com/auth/devstorage.read_only",
                            "node_pool.0.node_config.0.oauth_scopes.172152165": "https://www.googleapis.com/auth/logging.write",
                            "node_pool.0.node_config.0.oauth_scopes.299962681": "https://www.googleapis.com/auth/compute",
                            "node_pool.0.node_config.0.preemptible": "false",
                            "node_pool.0.node_config.0.service_account": "default",
                            "node_pool.0.node_config.0.tags.#": "1",
                            "node_pool.0.node_config.0.tags.0": "poc",
                            "node_pool.0.node_config.0.taint.#": "0",
                            "node_pool.0.node_config.0.workload_metadata_config.#": "0",
                            "node_pool.0.node_count": "1",
                            "node_pool.0.version": "1.11.6-gke.6",
                            "node_version": "1.11.6-gke.6",
                            "pod_security_policy_config.#": "0",
                            "private_cluster": "true",
                            "private_cluster_config.#": "1",
                            "private_cluster_config.0.enable_private_endpoint": "false",
                            "private_cluster_config.0.enable_private_nodes": "true",
                            "private_cluster_config.0.master_ipv4_cidr_block": "10.0.90.0/28",
                            "private_cluster_config.0.private_endpoint": "10.0.90.2",
                            "private_cluster_config.0.public_endpoint": "35.197.56.130",
                            "project": "terraform-gke-flugel",
                            "resource_labels.%": "0",
                            "subnetwork": "projects/terraform-gke-flugel/regions/us-west1/subnetworks/kube-net-subnet",
                            "zone": "us-west1-b"
                        },
                        "meta": {
                            "e2bfb730-ecaa-11e6-8f88-34363bc7c4c0": {
                                "create": 1800000000000,
                                "delete": 1800000000000,
                                "update": 600000000000
                            },
                            "schema_version": "1"
                        },
                        "tainted": false
                    },
                    "deposed": [],
                    "provider": "provider.google"
                }
            },
            "depends_on": []
        }
    ]
}
